<?xml version="1.0" encoding="utf-8"?>
<Project ToolsVersion="4.0" xmlns="http://schemas.microsoft.com/developer/msbuild/2003">
  <ItemGroup>
    <Filter Include="Source Files">
      <UniqueIdentifier>{4FC737F1-C7A5-4376-A066-2A32D752A2FF}</UniqueIdentifier>
      <Extensions>cpp;c;cc;cxx;def;odl;idl;hpj;bat;asm;asmx</Extensions>
    </Filter>
    <Filter Include="Header Files">
      <UniqueIdentifier>{93995380-89BD-4b04-88EB-625FBE52EBFB}</UniqueIdentifier>
      <Extensions>h;hh;hpp;hxx;hm;inl;inc;ipp;xsd</Extensions>
    </Filter>
    <Filter Include="Resource Files">
      <UniqueIdentifier>{67DA6AB6-F800-4c08-8B7A-83BB121AAD01}</UniqueIdentifier>
      <Extensions>rc;ico;cur;bmp;dlg;rc2;rct;bin;rgs;gif;jpg;jpeg;jpe;resx;tiff;tif;png;wav;mfcribbon-ms</Extensions>
    </Filter>
    <Filter Include="Header Files\ImGui">
      <UniqueIdentifier>{87b59c21-e71d-4f4c-854b-9ce6fdc07576}</UniqueIdentifier>
    </Filter>
    <Filter Include="Source Files\Shaders">
      <UniqueIdentifier>{4a6ffd5e-0ec7-49fc-ba48-f3f58792b665}</UniqueIdentifier>
    </Filter>
    <Filter Include="Header Files\Ravine System">
      <UniqueIdentifier>{f2382bb2-d864-4e40-9bbf-3869eb1102b2}</UniqueIdentifier>
    </Filter>
    <Filter Include="Source Files\Ravine System">
      <UniqueIdentifier>{669ad292-3ec7-44c0-98d8-3345b57b2eac}</UniqueIdentifier>
    </Filter>
  </ItemGroup>
  <ItemGroup>
    <ClCompile Include="main.cpp">
      <Filter>Source Files</Filter>
    </ClCompile>
    <ClCompile Include="SingleFileLibraries\imgui.cpp">
      <Filter>Header Files\ImGui</Filter>
    </ClCompile>
    <ClCompile Include="SingleFileLibraries\imgui_demo.cpp">
      <Filter>Header Files\ImGui</Filter>
    </ClCompile>
    <ClCompile Include="SingleFileLibraries\imgui_draw.cpp">
      <Filter>Header Files\ImGui</Filter>
    </ClCompile>
    <ClCompile Include="SingleFileLibraries\imgui_widgets.cpp">
      <Filter>Header Files\ImGui</Filter>
    </ClCompile>
    <ClCompile Include="Time.cpp">
      <Filter>Source Files</Filter>
    </ClCompile>
    <ClCompile Include="SingleFileLibraries\imgui_impl_glfw.cpp">
      <Filter>Header Files\ImGui</Filter>
    </ClCompile>
    <ClCompile Include="SingleFileLibraries\imgui_impl_vulkan.cpp">
      <Filter>Header Files\ImGui</Filter>
    </ClCompile>
    <ClCompile Include="Ravine.cpp">
      <Filter>Source Files\Ravine System</Filter>
    </ClCompile>
    <ClCompile Include="VulkanTools.cpp">
      <Filter>Source Files\Ravine System</Filter>
    </ClCompile>
    <ClCompile Include="RvDevice.cpp">
      <Filter>Source Files\Ravine System</Filter>
    </ClCompile>
    <ClCompile Include="RvGraphicsPipeline.cpp">
      <Filter>Source Files\Ravine System</Filter>
    </ClCompile>
    <ClCompile Include="RvSwapChain.cpp">
      <Filter>Source Files\Ravine System</Filter>
    </ClCompile>
    <ClCompile Include="RvDebug.cpp">
      <Filter>Source Files</Filter>
    </ClCompile>
    <ClCompile Include="RvConfig.cpp">
      <Filter>Source Files</Filter>
    </ClCompile>
    <ClCompile Include="RvWindow.cpp">
      <Filter>Source Files</Filter>
    </ClCompile>
    <ClCompile Include="RvBuffer.cpp">
      <Filter>Source Files</Filter>
    </ClCompile>
  </ItemGroup>
  <ItemGroup>
    <ClInclude Include="SingleFileLibraries\stb_image.h">
      <Filter>Header Files</Filter>
    </ClInclude>
    <ClInclude Include="SingleFileLibraries\imconfig.h">
      <Filter>Header Files\ImGui</Filter>
    </ClInclude>
    <ClInclude Include="SingleFileLibraries\imgui.h">
      <Filter>Header Files\ImGui</Filter>
    </ClInclude>
    <ClInclude Include="SingleFileLibraries\imgui_internal.h">
      <Filter>Header Files\ImGui</Filter>
    </ClInclude>
    <ClInclude Include="SingleFileLibraries\imstb_rectpack.h">
      <Filter>Header Files\ImGui</Filter>
    </ClInclude>
    <ClInclude Include="SingleFileLibraries\imstb_textedit.h">
      <Filter>Header Files\ImGui</Filter>
    </ClInclude>
    <ClInclude Include="SingleFileLibraries\imstb_truetype.h">
      <Filter>Header Files\ImGui</Filter>
    </ClInclude>
    <ClInclude Include="Time.h">
      <Filter>Header Files</Filter>
    </ClInclude>
    <ClInclude Include="SingleFileLibraries\imgui_impl_glfw.h">
      <Filter>Header Files\ImGui</Filter>
    </ClInclude>
    <ClInclude Include="SingleFileLibraries\imgui_impl_vulkan.h">
      <Filter>Header Files\ImGui</Filter>
    </ClInclude>
    <ClInclude Include="Ravine.h">
      <Filter>Header Files\Ravine System</Filter>
    </ClInclude>
    <ClInclude Include="VulkanTools.h">
      <Filter>Header Files\Ravine System</Filter>
    </ClInclude>
    <ClInclude Include="RvDataTypes.h">
      <Filter>Header Files\Ravine System</Filter>
    </ClInclude>
    <ClInclude Include="RvDevice.h">
      <Filter>Header Files\Ravine System</Filter>
    </ClInclude>
    <ClInclude Include="RvGraphicsPipeline.h">
      <Filter>Header Files\Ravine System</Filter>
    </ClInclude>
    <ClInclude Include="RvSwapChain.h">
      <Filter>Header Files\Ravine System</Filter>
    </ClInclude>
    <ClInclude Include="RvUniformTypes.h">
      <Filter>Header Files\Ravine System</Filter>
    </ClInclude>
    <ClInclude Include="RvFramebufferAttachment.h">
      <Filter>Header Files\Ravine System</Filter>
    </ClInclude>
    <ClInclude Include="RvDebug.h">
      <Filter>Header Files</Filter>
    </ClInclude>
    <ClInclude Include="RvConfig.h">
      <Filter>Header Files\Ravine System</Filter>
    </ClInclude>
    <ClInclude Include="RvWindow.h">
      <Filter>Header Files</Filter>
    </ClInclude>
    <ClInclude Include="RvBuffer.h">
      <Filter>Header Files</Filter>
    </ClInclude>
  </ItemGroup>
  <ItemGroup>
    <None Include="bin\data\shaders\shader.frag">
      <Filter>Source Files\Shaders</Filter>
    </None>
    <None Include="bin\data\shaders\shader.vert">
      <Filter>Source Files\Shaders</Filter>
    </None>
    <None Include="bin\data\shaders\imgui.frag">
      <Filter>Source Files\Shaders</Filter>
    </None>
    <None Include="bin\data\shaders\imgui.vert">
      <Filter>Source Files\Shaders</Filter>
    </None>
  </ItemGroup>
</Project>